
Microsoft Visual Studio Solution File, Format Version 12.00
# Visual Studio 15
VisualStudioVersion = 15.0.27428.2015
MinimumVisualStudioVersion = 10.0.40219.1
Project("{FAE04EC0-301F-11D3-BF4B-00C04F79EFBC}") = "PdfGeneratorExample", "PdfGeneratorExample\PdfGeneratorExample.csproj", "{38642630-BB50-48D5-9742-641AF8962825}"
EndProject
Global
	GlobalSection(SolutionConfigurationPlatforms) = preSolution
		Debug|Any CPU = Debug|Any CPU
		Release|Any CPU = Release|Any CPU
	EndGlobalSection
	GlobalSection(ProjectConfigurationPlatforms) = postSolution
		{38642630-BB50-48D5-9742-641AF8962825}.Debug|Any CPU.ActiveCfg = Debug|Any CPU
		{38642630-BB50-48D5-9742-641AF8962825}.Debug|Any CPU.Build.0 = Debug|Any CPU
		{38642630-BB50-48D5-9742-641AF8962825}.Release|Any CPU.ActiveCfg = Release|Any CPU
		{38642630-BB50-48D5-9742-641AF8962825}.Release|Any CPU.Build.0 = Release|Any CPU
	EndGlobalSection
	GlobalSection(SolutionProperties) = preSolution
		HideSolutionNode = FALSE
	EndGlobalSection
	GlobalSection(ExtensibilityGlobals) = postSolution
		SolutionGuid = {14F5C42F-2C3A-4F38-893F-06E139D249BC}
	EndGlobalSection
EndGlobal
